
Microsoft Visual Studio Solution File, Format Version 12.00
# Visual Studio Version 16
VisualStudioVersion = 16.0.30406.217
MinimumVisualStudioVersion = 10.0.40219.1
Project("{8BC9CEB8-8B4A-11D0-8D11-00A0C91BC942}") = "HW04Sangree", "HW04Sangree\HW04Sangree.vcxproj", "{2175212E-9B56-4BDB-8CE5-FFAE68A2213E}"
EndProject
Global
	GlobalSection(SolutionConfigurationPlatforms) = preSolution
		Debug|x64 = Debug|x64
		Debug|x86 = Debug|x86
		Release|x64 = Release|x64
		Release|x86 = Release|x86
	EndGlobalSection
	GlobalSection(ProjectConfigurationPlatforms) = postSolution
		{2175212E-9B56-4BDB-8CE5-FFAE68A2213E}.Debug|x64.ActiveCfg = Debug|x64
		{2175212E-9B56-4BDB-8CE5-FFAE68A2213E}.Debug|x64.Build.0 = Debug|x64
		{2175212E-9B56-4BDB-8CE5-FFAE68A2213E}.Debug|x86.ActiveCfg = Debug|Win32
		{2175212E-9B56-4BDB-8CE5-FFAE68A2213E}.Debug|x86.Build.0 = Debug|Win32
		{2175212E-9B56-4BDB-8CE5-FFAE68A2213E}.Release|x64.ActiveCfg = Release|x64
		{2175212E-9B56-4BDB-8CE5-FFAE68A2213E}.Release|x64.Build.0 = Release|x64
		{2175212E-9B56-4BDB-8CE5-FFAE68A2213E}.Release|x86.ActiveCfg = Release|Win32
		{2175212E-9B56-4BDB-8CE5-FFAE68A2213E}.Release|x86.Build.0 = Release|Win32
	EndGlobalSection
	GlobalSection(SolutionProperties) = preSolution
		HideSolutionNode = FALSE
	EndGlobalSection
	GlobalSection(ExtensibilityGlobals) = postSolution
		SolutionGuid = {6D6B7DEE-0DE3-4107-83E8-A98EA0924E1E}
	EndGlobalSection
EndGlobal
