
Microsoft Visual Studio Solution File, Format Version 12.00
# Visual Studio Version 16
VisualStudioVersion = 16.0.30517.126
MinimumVisualStudioVersion = 10.0.40219.1
Project("{888888A0-9F3D-457C-B088-3A5042F75D52}") = "Problem02", "Problem02\Problem02.pyproj", "{B23685B6-702F-49AC-A420-BD6B2D0E1940}"
EndProject
Global
	GlobalSection(SolutionConfigurationPlatforms) = preSolution
		Debug|Any CPU = Debug|Any CPU
		Release|Any CPU = Release|Any CPU
	EndGlobalSection
	GlobalSection(ProjectConfigurationPlatforms) = postSolution
		{B23685B6-702F-49AC-A420-BD6B2D0E1940}.Debug|Any CPU.ActiveCfg = Debug|Any CPU
		{B23685B6-702F-49AC-A420-BD6B2D0E1940}.Release|Any CPU.ActiveCfg = Release|Any CPU
	EndGlobalSection
	GlobalSection(SolutionProperties) = preSolution
		HideSolutionNode = FALSE
	EndGlobalSection
	GlobalSection(ExtensibilityGlobals) = postSolution
		SolutionGuid = {8FB8182F-988D-4E85-8C3A-999E6D439B1A}
	EndGlobalSection
EndGlobal
